
Microsoft Visual Studio Solution File, Format Version 12.00
# Visual Studio Version 17
VisualStudioVersion = 17.6.33815.320
MinimumVisualStudioVersion = 10.0.40219.1
Project("{FAE04EC0-301F-11D3-BF4B-00C04F79EFBC}") = "STPL.WebAPI", "STPL.WebAPI\STPL.WebAPI.csproj", "{006BE631-E574-4B62-A5ED-63354A9F93B2}"
EndProject
Project("{FAE04EC0-301F-11D3-BF4B-00C04F79EFBC}") = "STPL.AppService", "..\STPL.AppService\STPL.AppService.csproj", "{A2328758-D541-4941-8262-7BE65CC7391B}"
EndProject
Project("{FAE04EC0-301F-11D3-BF4B-00C04F79EFBC}") = "STPL.Common", "..\STPL.Common\STPL.Common.csproj", "{6C9E11CA-627E-4261-923F-CFB309F77510}"
EndProject
Project("{FAE04EC0-301F-11D3-BF4B-00C04F79EFBC}") = "STPL.Entity", "..\STPL.Entity\STPL.Entity.csproj", "{9077CA9C-E296-48B3-82B2-D1AA99BD13B8}"
EndProject
Project("{FAE04EC0-301F-11D3-BF4B-00C04F79EFBC}") = "STPL.Core", "..\STPL.Core\STPL.Core.csproj", "{A4EBEF0E-888F-41F2-BDBF-6EC6E0937BA4}"
EndProject
Global
	GlobalSection(SolutionConfigurationPlatforms) = preSolution
		Debug|Any CPU = Debug|Any CPU
		Release|Any CPU = Release|Any CPU
	EndGlobalSection
	GlobalSection(ProjectConfigurationPlatforms) = postSolution
		{006BE631-E574-4B62-A5ED-63354A9F93B2}.Debug|Any CPU.ActiveCfg = Debug|Any CPU
		{006BE631-E574-4B62-A5ED-63354A9F93B2}.Debug|Any CPU.Build.0 = Debug|Any CPU
		{006BE631-E574-4B62-A5ED-63354A9F93B2}.Release|Any CPU.ActiveCfg = Release|Any CPU
		{006BE631-E574-4B62-A5ED-63354A9F93B2}.Release|Any CPU.Build.0 = Release|Any CPU
		{A2328758-D541-4941-8262-7BE65CC7391B}.Debug|Any CPU.ActiveCfg = Debug|Any CPU
		{A2328758-D541-4941-8262-7BE65CC7391B}.Debug|Any CPU.Build.0 = Debug|Any CPU
		{A2328758-D541-4941-8262-7BE65CC7391B}.Release|Any CPU.ActiveCfg = Release|Any CPU
		{A2328758-D541-4941-8262-7BE65CC7391B}.Release|Any CPU.Build.0 = Release|Any CPU
		{6C9E11CA-627E-4261-923F-CFB309F77510}.Debug|Any CPU.ActiveCfg = Debug|Any CPU
		{6C9E11CA-627E-4261-923F-CFB309F77510}.Debug|Any CPU.Build.0 = Debug|Any CPU
		{6C9E11CA-627E-4261-923F-CFB309F77510}.Release|Any CPU.ActiveCfg = Release|Any CPU
		{6C9E11CA-627E-4261-923F-CFB309F77510}.Release|Any CPU.Build.0 = Release|Any CPU
		{9077CA9C-E296-48B3-82B2-D1AA99BD13B8}.Debug|Any CPU.ActiveCfg = Debug|Any CPU
		{9077CA9C-E296-48B3-82B2-D1AA99BD13B8}.Debug|Any CPU.Build.0 = Debug|Any CPU
		{9077CA9C-E296-48B3-82B2-D1AA99BD13B8}.Release|Any CPU.ActiveCfg = Release|Any CPU
		{9077CA9C-E296-48B3-82B2-D1AA99BD13B8}.Release|Any CPU.Build.0 = Release|Any CPU
		{A4EBEF0E-888F-41F2-BDBF-6EC6E0937BA4}.Debug|Any CPU.ActiveCfg = Debug|Any CPU
		{A4EBEF0E-888F-41F2-BDBF-6EC6E0937BA4}.Debug|Any CPU.Build.0 = Debug|Any CPU
		{A4EBEF0E-888F-41F2-BDBF-6EC6E0937BA4}.Release|Any CPU.ActiveCfg = Release|Any CPU
		{A4EBEF0E-888F-41F2-BDBF-6EC6E0937BA4}.Release|Any CPU.Build.0 = Release|Any CPU
	EndGlobalSection
	GlobalSection(SolutionProperties) = preSolution
		HideSolutionNode = FALSE
	EndGlobalSection
	GlobalSection(ExtensibilityGlobals) = postSolution
		SolutionGuid = {6E5C841A-FCC4-4B4D-8FD9-EDA23D579299}
	EndGlobalSection
EndGlobal
